// !$*UTF8*$!
{
	archiveVersion = 1;
	classes = {
	};
	objectVersion = 48;
	objects = {

/* Begin PBXBuildFile section */
		361633E0B4591A1AA3E13745 /* Pods_WeatherToday.framework in Frameworks */ = {isa = PBXBuildFile; fileRef = 0868800517B36DEC0970C83E /* Pods_WeatherToday.framework */; };
		6534093F201B942B00874C3D /* Constants.swift in Sources */ = {isa = PBXBuildFile; fileRef = 6534093E201B942B00874C3D /* Constants.swift */; };
		65340941201B949200874C3D /* Location.swift in Sources */ = {isa = PBXBuildFile; fileRef = 65340940201B949200874C3D /* Location.swift */; };
		65340943201BAD4E00874C3D /* CurrentWeather.swift in Sources */ = {isa = PBXBuildFile; fileRef = 65340942201BAD4E00874C3D /* CurrentWeather.swift */; };
		654508052012B29C006C112E /* AppDelegate.swift in Sources */ = {isa = PBXBuildFile; fileRef = 654508042012B29C006C112E /* AppDelegate.swift */; };
		654508072012B29C006C112E /* WeatherViewController.swift in Sources */ = {isa = PBXBuildFile; fileRef = 654508062012B29C006C112E /* WeatherViewController.swift */; };
		6545080A2012B29C006C112E /* Main.storyboard in Resources */ = {isa = PBXBuildFile; fileRef = 654508082012B29C006C112E /* Main.storyboard */; };
		6545080C2012B29C006C112E /* Assets.xcassets in Resources */ = {isa = PBXBuildFile; fileRef = 6545080B2012B29C006C112E /* Assets.xcassets */; };
		6545080F2012B29C006C112E /* LaunchScreen.storyboard in Resources */ = {isa = PBXBuildFile; fileRef = 6545080D2012B29C006C112E /* LaunchScreen.storyboard */; };
/* End PBXBuildFile section */

/* Begin PBXFileReference section */
		0868800517B36DEC0970C83E /* Pods_WeatherToday.framework */ = {isa = PBXFileReference; explicitFileType = wrapper.framework; includeInIndex = 0; path = Pods_WeatherToday.framework; sourceTree = BUILT_PRODUCTS_DIR; };
		3ED78F02D3153265BDBD28B7 /* Pods-WeatherToday.debug.xcconfig */ = {isa = PBXFileReference; includeInIndex = 1; lastKnownFileType = text.xcconfig; name = "Pods-WeatherToday.debug.xcconfig"; path = "Pods/Target Support Files/Pods-WeatherToday/Pods-WeatherToday.debug.xcconfig"; sourceTree = "<group>"; };
		6534093E201B942B00874C3D /* Constants.swift */ = {isa = PBXFileReference; lastKnownFileType = sourcecode.swift; path = Constants.swift; sourceTree = "<group>"; };
		65340940201B949200874C3D /* Location.swift */ = {isa = PBXFileReference; lastKnownFileType = sourcecode.swift; path = Location.swift; sourceTree = "<group>"; };
		65340942201BAD4E00874C3D /* CurrentWeather.swift */ = {isa = PBXFileReference; lastKnownFileType = sourcecode.swift; path = CurrentWeather.swift; sourceTree = "<group>"; };
		654508012012B29C006C112E /* WeatherToday.app */ = {isa = PBXFileReference; explicitFileType = wrapper.application; includeInIndex = 0; path = WeatherToday.app; sourceTree = BUILT_PRODUCTS_DIR; };
		654508042012B29C006C112E /* AppDelegate.swift */ = {isa = PBXFileReference; lastKnownFileType = sourcecode.swift; path = AppDelegate.swift; sourceTree = "<group>"; };
		654508062012B29C006C112E /* WeatherViewController.swift */ = {isa = PBXFileReference; lastKnownFileType = sourcecode.swift; path = WeatherViewController.swift; sourceTree = "<group>"; };
		654508092012B29C006C112E /* Base */ = {isa = PBXFileReference; lastKnownFileType = file.storyboard; name = Base; path = Base.lproj/Main.storyboard; sourceTree = "<group>"; };
		6545080B2012B29C006C112E /* Assets.xcassets */ = {isa = PBXFileReference; lastKnownFileType = folder.assetcatalog; path = Assets.xcassets; sourceTree = "<group>"; };
		6545080E2012B29C006C112E /* Base */ = {isa = PBXFileReference; lastKnownFileType = file.storyboard; name = Base; path = Base.lproj/LaunchScreen.storyboard; sourceTree = "<group>"; };
		654508102012B29C006C112E /* Info.plist */ = {isa = PBXFileReference; lastKnownFileType = text.plist.xml; path = Info.plist; sourceTree = "<group>"; };
		77D00BD9004EB27963D47606 /* Pods-WeatherToday.release.xcconfig */ = {isa = PBXFileReference; includeInIndex = 1; lastKnownFileType = text.xcconfig; name = "Pods-WeatherToday.release.xcconfig"; path = "Pods/Target Support Files/Pods-WeatherToday/Pods-WeatherToday.release.xcconfig"; sourceTree = "<group>"; };
/* End PBXFileReference section */

/* Begin PBXFrameworksBuildPhase section */
		654507FE2012B29C006C112E /* Frameworks */ = {
			isa = PBXFrameworksBuildPhase;
			buildActionMask = 2147483647;
			files = (
				361633E0B4591A1AA3E13745 /* Pods_WeatherToday.framework in Frameworks */,
			);
			runOnlyForDeploymentPostprocessing = 0;
		};
/* End PBXFrameworksBuildPhase section */

/* Begin PBXGroup section */
		654507F82012B29C006C112E = {
			isa = PBXGroup;
			children = (
				654508032012B29C006C112E /* WeatherToday */,
				654508022012B29C006C112E /* Products */,
				DF17A0F8FA80F7CE7659B046 /* Pods */,
				C5EBD0D4B92B02F0108832AB /* Frameworks */,
			);
			sourceTree = "<group>";
		};
		654508022012B29C006C112E /* Products */ = {
			isa = PBXGroup;
			children = (
				654508012012B29C006C112E /* WeatherToday.app */,
			);
			name = Products;
			sourceTree = "<group>";
		};
		654508032012B29C006C112E /* WeatherToday */ = {
			isa = PBXGroup;
			children = (
				654508042012B29C006C112E /* AppDelegate.swift */,
				654508082012B29C006C112E /* Main.storyboard */,
				654508062012B29C006C112E /* WeatherViewController.swift */,
				65340942201BAD4E00874C3D /* CurrentWeather.swift */,
				6545080B2012B29C006C112E /* Assets.xcassets */,
				6545080D2012B29C006C112E /* LaunchScreen.storyboard */,
				654508102012B29C006C112E /* Info.plist */,
				6534093E201B942B00874C3D /* Constants.swift */,
				65340940201B949200874C3D /* Location.swift */,
			);
			path = WeatherToday;
			sourceTree = "<group>";
		};
		C5EBD0D4B92B02F0108832AB /* Frameworks */ = {
			isa = PBXGroup;
			children = (
				0868800517B36DEC0970C83E /* Pods_WeatherToday.framework */,
			);
			name = Frameworks;
			sourceTree = "<group>";
		};
		DF17A0F8FA80F7CE7659B046 /* Pods */ = {
			isa = PBXGroup;
			children = (
				3ED78F02D3153265BDBD28B7 /* Pods-WeatherToday.debug.xcconfig */,
				77D00BD9004EB27963D47606 /* Pods-WeatherToday.release.xcconfig */,
			);
			name = Pods;
			sourceTree = "<group>";
		};
/* End PBXGroup section */

/* Begin PBXNativeTarget section */
		654508002012B29C006C112E /* WeatherToday */ = {
			isa = PBXNativeTarget;
			buildConfigurationList = 654508132012B29C006C112E /* Build configuration list for PBXNativeTarget "WeatherToday" */;
			buildPhases = (
				03E851FE8F891D6B2AEC2393 /* [CP] Check Pods Manifest.lock */,
				654507FD2012B29C006C112E /* Sources */,
				654507FE2012B29C006C112E /* Frameworks */,
				654507FF2012B29C006C112E /* Resources */,
				6D481FB469BA974432E2FE4A /* [CP] Embed Pods Frameworks */,
				0737C5510520F96B5F967617 /* [CP] Copy Pods Resources */,
			);
			buildRules = (
			);
			dependencies = (
			);
			name = WeatherToday;
			productName = WeatherToday;
			productReference = 654508012012B29C006C112E /* WeatherToday.app */;
			productType = "com.apple.product-type.application";
		};
/* End PBXNativeTarget section */

/* Begin PBXProject section */
		654507F92012B29C006C112E /* Project object */ = {
			isa = PBXProject;
			attributes = {
				LastSwiftUpdateCheck = 0920;
				LastUpgradeCheck = 0920;
				ORGANIZATIONNAME = Divya;
				TargetAttributes = {
					654508002012B29C006C112E = {
						CreatedOnToolsVersion = 9.2;
						ProvisioningStyle = Automatic;
					};
				};
			};
			buildConfigurationList = 654507FC2012B29C006C112E /* Build configuration list for PBXProject "WeatherToday" */;
			compatibilityVersion = "Xcode 8.0";
			developmentRegion = en;
			hasScannedForEncodings = 0;
			knownRegions = (
				en,
				Base,
			);
			mainGroup = 654507F82012B29C006C112E;
			productRefGroup = 654508022012B29C006C112E /* Products */;
			projectDirPath = "";
			projectRoot = "";
			targets = (
				654508002012B29C006C112E /* WeatherToday */,
			);
		};
/* End PBXProject section */

/* Begin PBXResourcesBuildPhase section */
		654507FF2012B29C006C112E /* Resources */ = {
			isa = PBXResourcesBuildPhase;
			buildActionMask = 2147483647;
			files = (
				6545080F2012B29C006C112E /* LaunchScreen.storyboard in Resources */,
				6545080C2012B29C006C112E /* Assets.xcassets in Resources */,
				6545080A2012B29C006C112E /* Main.storyboard in Resources */,
			);
			runOnlyForDeploymentPostprocessing = 0;
		};
/* End PBXResourcesBuildPhase section */

/* Begin PBXShellScriptBuildPhase section */
		03E851FE8F891D6B2AEC2393 /* [CP] Check Pods Manifest.lock */ = {
			isa = PBXShellScriptBuildPhase;
			buildActionMask = 2147483647;
			files = (
			);
			inputPaths = (
			);
			name = "[CP] Check Pods Manifest.lock";
			outputPaths = (
			);
			runOnlyForDeploymentPostprocessing = 0;
			shellPath = /bin/sh;
			shellScript = "diff \"${PODS_PODFILE_DIR_PATH}/Podfile.lock\" \"${PODS_ROOT}/Manifest.lock\" > /dev/null\nif [ $? != 0 ] ; then\n    # print error to STDERR\n    echo \"error: The sandbox is not in sync with the Podfile.lock. Run 'pod install' or update your CocoaPods installation.\" >&2\n    exit 1\nfi\n";
			showEnvVarsInLog = 0;
		};
		0737C5510520F96B5F967617 /* [CP] Copy Pods Resources */ = {
			isa = PBXShellScriptBuildPhase;
			buildActionMask = 2147483647;
			files = (
			);
			inputPaths = (
			);
			name = "[CP] Copy Pods Resources";
			outputPaths = (
			);
			runOnlyForDeploymentPostprocessing = 0;
			shellPath = /bin/sh;
			shellScript = "\"${SRCROOT}/Pods/Target Support Files/Pods-WeatherToday/Pods-WeatherToday-resources.sh\"\n";
			showEnvVarsInLog = 0;
		};
		6D481FB469BA974432E2FE4A /* [CP] Embed Pods Frameworks */ = {
			isa = PBXShellScriptBuildPhase;
			buildActionMask = 2147483647;
			files = (
			);
			inputPaths = (
			);
			name = "[CP] Embed Pods Frameworks";
			outputPaths = (
			);
			runOnlyForDeploymentPostprocessing = 0;
			shellPath = /bin/sh;
			shellScript = "\"${SRCROOT}/Pods/Target Support Files/Pods-WeatherToday/Pods-WeatherToday-frameworks.sh\"\n";
			showEnvVarsInLog = 0;
		};
/* End PBXShellScriptBuildPhase section */

/* Begin PBXSourcesBuildPhase section */
		654507FD2012B29C006C112E /* Sources */ = {
			isa = PBXSourcesBuildPhase;
			buildActionMask = 2147483647;
			files = (
				654508072012B29C006C112E /* WeatherViewController.swift in Sources */,
				65340943201BAD4E00874C3D /* CurrentWeather.swift in Sources */,
				654508052012B29C006C112E /* AppDelegate.swift in Sources */,
				65340941201B949200874C3D /* Location.swift in Sources */,
				6534093F201B942B00874C3D /* Constants.swift in Sources */,
			);
			runOnlyForDeploymentPostprocessing = 0;
		};
/* End PBXSourcesBuildPhase section */

/* Begin PBXVariantGroup section */
		654508082012B29C006C112E /* Main.storyboard */ = {
			isa = PBXVariantGroup;
			children = (
				654508092012B29C006C112E /* Base */,
			);
			name = Main.storyboard;
			sourceTree = "<group>";
		};
		6545080D2012B29C006C112E /* LaunchScreen.storyboard */ = {
			isa = PBXVariantGroup;
			children = (
				6545080E2012B29C006C112E /* Base */,
			);
			name = LaunchScreen.storyboard;
			sourceTree = "<group>";
		};
/* End PBXVariantGroup section */

/* Begin XCBuildConfiguration section */
		654508112012B29C006C112E /* Debug */ = {
			isa = XCBuildConfiguration;
			buildSettings = {
				ALWAYS_SEARCH_USER_PATHS = NO;
				CLANG_ANALYZER_NONNULL = YES;
				CLANG_ANALYZER_NUMBER_OBJECT_CONVERSION = YES_AGGRESSIVE;
				CLANG_CXX_LANGUAGE_STANDARD = "gnu++14";
				CLANG_CXX_LIBRARY = "libc++";
				CLANG_ENABLE_MODULES = YES;
				CLANG_ENABLE_OBJC_ARC = YES;
				CLANG_WARN_BLOCK_CAPTURE_AUTORELEASING = YES;
				CLANG_WARN_BOOL_CONVERSION = YES;
				CLANG_WARN_COMMA = YES;
				CLANG_WARN_CONSTANT_CONVERSION = YES;
				CLANG_WARN_DIRECT_OBJC_ISA_USAGE = YES_ERROR;
				CLANG_WARN_DOCUMENTATION_COMMENTS = YES;
				CLANG_WARN_EMPTY_BODY = YES;
				CLANG_WARN_ENUM_CONVERSION = YES;
				CLANG_WARN_INFINITE_RECURSION = YES;
				CLANG_WARN_INT_CONVERSION = YES;
				CLANG_WARN_NON_LITERAL_NULL_CONVERSION = YES;
				CLANG_WARN_OBJC_LITERAL_CONVERSION = YES;
				CLANG_WARN_OBJC_ROOT_CLASS = YES_ERROR;
				CLANG_WARN_RANGE_LOOP_ANALYSIS = YES;
				CLANG_WARN_STRICT_PROTOTYPES = YES;
				CLANG_WARN_SUSPICIOUS_MOVE = YES;
				CLANG_WARN_UNGUARDED_AVAILABILITY = YES_AGGRESSIVE;
				CLANG_WARN_UNREACHABLE_CODE = YES;
				CLANG_WARN__DUPLICATE_METHOD_MATCH = YES;
				CODE_SIGN_IDENTITY = "iPhone Developer";
				COPY_PHASE_STRIP = NO;
				DEBUG_INFORMATION_FORMAT = dwarf;
				ENABLE_STRICT_OBJC_MSGSEND = YES;
				ENABLE_TESTABILITY = YES;
				GCC_C_LANGUAGE_STANDARD = gnu11;
				GCC_DYNAMIC_NO_PIC = NO;
				GCC_NO_COMMON_BLOCKS = YES;
				GCC_OPTIMIZATION_LEVEL = 0;
				GCC_PREPROCESSOR_DEFINITIONS = (
					"DEBUG=1",
					"$(inherited)",
				);
				GCC_WARN_64_TO_32_BIT_CONVERSION = YES;
				GCC_WARN_ABOUT_RETURN_TYPE = YES_ERROR;
				GCC_WARN_UNDECLARED_SELECTOR = YES;
				GCC_WARN_UNINITIALIZED_AUTOS = YES_AGGRESSIVE;
				GCC_WARN_UNUSED_FUNCTION = YES;
				GCC_WARN_UNUSED_VARIABLE = YES;
				IPHONEOS_DEPLOYMENT_TARGET = 11.2;
				MTL_ENABLE_DEBUG_INFO = YES;
				ONLY_ACTIVE_ARCH = YES;
				SDKROOT = iphoneos;
				SWIFT_ACTIVE_COMPILATION_CONDITIONS = DEBUG;
				SWIFT_OPTIMIZATION_LEVEL = "-Onone";
			};
			name = Debug;
		};
		654508122012B29C006C112E /* Release */ = {
			isa = XCBuildConfiguration;
			buildSettings = {
				ALWAYS_SEARCH_USER_PATHS = NO;
				CLANG_ANALYZER_NONNULL = YES;
				CLANG_ANALYZER_NUMBER_OBJECT_CONVERSION = YES_AGGRESSIVE;
				CLANG_CXX_LANGUAGE_STANDARD = "gnu++14";
				CLANG_CXX_LIBRARY = "libc++";
				CLANG_ENABLE_MODULES = YES;
				CLANG_ENABLE_OBJC_ARC = YES;
				CLANG_WARN_BLOCK_CAPTURE_AUTORELEASING = YES;
				CLANG_WARN_BOOL_CONVERSION = YES;
				CLANG_WARN_COMMA = YES;
				CLANG_WARN_CONSTANT_CONVERSION = YES;
				CLANG_WARN_DIRECT_OBJC_ISA_USAGE = YES_ERROR;
				CLANG_WARN_DOCUMENTATION_COMMENTS = YES;
				CLANG_WARN_EMPTY_BODY = YES;
				CLANG_WARN_ENUM_CONVERSION = YES;
				CLANG_WARN_INFINITE_RECURSION = YES;
				CLANG_WARN_INT_CONVERSION = YES;
				CLANG_WARN_NON_LITERAL_NULL_CONVERSION = YES;
				CLANG_WARN_OBJC_LITERAL_CONVERSION = YES;
				CLANG_WARN_OBJC_ROOT_CLASS = YES_ERROR;
				CLANG_WARN_RANGE_LOOP_ANALYSIS = YES;
				CLANG_WARN_STRICT_PROTOTYPES = YES;
				CLANG_WARN_SUSPICIOUS_MOVE = YES;
				CLANG_WARN_UNGUARDED_AVAILABILITY = YES_AGGRESSIVE;
				CLANG_WARN_UNREACHABLE_CODE = YES;
				CLANG_WARN__DUPLICATE_METHOD_MATCH = YES;
				CODE_SIGN_IDENTITY = "iPhone Developer";
				COPY_PHASE_STRIP = NO;
				DEBUG_INFORMATION_FORMAT = "dwarf-with-dsym";
				ENABLE_NS_ASSERTIONS = NO;
				ENABLE_STRICT_OBJC_MSGSEND = YES;
				GCC_C_LANGUAGE_STANDARD = gnu11;
				GCC_NO_COMMON_BLOCKS = YES;
				GCC_WARN_64_TO_32_BIT_CONVERSION = YES;
				GCC_WARN_ABOUT_RETURN_TYPE = YES_ERROR;
				GCC_WARN_UNDECLARED_SELECTOR = YES;
				GCC_WARN_UNINITIALIZED_AUTOS = YES_AGGRESSIVE;
				GCC_WARN_UNUSED_FUNCTION = YES;
				GCC_WARN_UNUSED_VARIABLE = YES;
				IPHONEOS_DEPLOYMENT_TARGET = 11.2;
				MTL_ENABLE_DEBUG_INFO = NO;
				SDKROOT = iphoneos;
				SWIFT_OPTIMIZATION_LEVEL = "-Owholemodule";
				VALIDATE_PRODUCT = YES;
			};
			name = Release;
		};
		654508142012B29C006C112E /* Debug */ = {
			isa = XCBuildConfiguration;
			baseConfigurationReference = 3ED78F02D3153265BDBD28B7 /* Pods-WeatherToday.debug.xcconfig */;
			buildSettings = {
				ASSETCATALOG_COMPILER_APPICON_NAME = AppIcon;
				CODE_SIGN_STYLE = Automatic;
				DEVELOPMENT_TEAM = 6EZM43FG2R;
				INFOPLIST_FILE = WeatherToday/Info.plist;
				IPHONEOS_DEPLOYMENT_TARGET = 11.2;
				LD_RUNPATH_SEARCH_PATHS = "$(inherited) @executable_path/Frameworks";
				PRODUCT_BUNDLE_IDENTIFIER = com.iosapps.WeatherToday;
				PRODUCT_NAME = "$(TARGET_NAME)";
				SWIFT_VERSION = 4.0;
				TARGETED_DEVICE_FAMILY = "1,2";
			};
			name = Debug;
		};
		654508152012B29C006C112E /* Release */ = {
			isa = XCBuildConfiguration;
			baseConfigurationReference = 77D00BD9004EB27963D47606 /* Pods-WeatherToday.release.xcconfig */;
			buildSettings = {
				ASSETCATALOG_COMPILER_APPICON_NAME = AppIcon;
				CODE_SIGN_STYLE = Automatic;
				DEVELOPMENT_TEAM = 6EZM43FG2R;
				INFOPLIST_FILE = WeatherToday/Info.plist;
				IPHONEOS_DEPLOYMENT_TARGET = 11.2;
				LD_RUNPATH_SEARCH_PATHS = "$(inherited) @executable_path/Frameworks";
				PRODUCT_BUNDLE_IDENTIFIER = com.iosapps.WeatherToday;
				PRODUCT_NAME = "$(TARGET_NAME)";
				SWIFT_VERSION = 4.0;
				TARGETED_DEVICE_FAMILY = "1,2";
			};
			name = Release;
		};
/* End XCBuildConfiguration section */

/* Begin XCConfigurationList section */
		654507FC2012B29C006C112E /* Build configuration list for PBXProject "WeatherToday" */ = {
			isa = XCConfigurationList;
			buildConfigurations = (
				654508112012B29C006C112E /* Debug */,
				654508122012B29C006C112E /* Release */,
			);
			defaultConfigurationIsVisible = 0;
			defaultConfigurationName = Release;
		};
		654508132012B29C006C112E /* Build configuration list for PBXNativeTarget "WeatherToday" */ = {
			isa = XCConfigurationList;
			buildConfigurations = (
				654508142012B29C006C112E /* Debug */,
				654508152012B29C006C112E /* Release */,
			);
			defaultConfigurationIsVisible = 0;
			defaultConfigurationName = Release;
		};
/* End XCConfigurationList section */
	};
	rootObject = 654507F92012B29C006C112E /* Project object */;
}
